// !$*UTF8*$!
{
	archiveVersion = 1;
	classes = {
	};
	objectVersion = 51;
	objects = {

/* Begin PBXBuildFile section */
		8D131A4827A2A7D900AD4C43 /* AppDelegate.swift in Sources */ = {isa = PBXBuildFile; fileRef = 8D131A4727A2A7D900AD4C43 /* AppDelegate.swift */; };
		8D131A5127A2A7DA00AD4C43 /* Assets.xcassets in Resources */ = {isa = PBXBuildFile; fileRef = 8D131A5027A2A7DA00AD4C43 /* Assets.xcassets */; };
		8D131A5427A2A7DA00AD4C43 /* LaunchScreen.storyboard in Resources */ = {isa = PBXBuildFile; fileRef = 8D131A5227A2A7DA00AD4C43 /* LaunchScreen.storyboard */; };
		8D131A6127A2AA3800AD4C43 /* RedditCloneViewController.swift in Sources */ = {isa = PBXBuildFile; fileRef = 8D131A5F27A2AA3800AD4C43 /* RedditCloneViewController.swift */; };
		8D131A6227A2AA3800AD4C43 /* RedditCloneViewController.xib in Resources */ = {isa = PBXBuildFile; fileRef = 8D131A6027A2AA3800AD4C43 /* RedditCloneViewController.xib */; };
		8D131A6727A2AA9900AD4C43 /* RedditCloneViewModel.swift in Sources */ = {isa = PBXBuildFile; fileRef = 8D131A6627A2AA9900AD4C43 /* RedditCloneViewModel.swift */; };
		8D131A6E27A2AB4500AD4C43 /* NetworkManager.swift in Sources */ = {isa = PBXBuildFile; fileRef = 8D131A6D27A2AB4500AD4C43 /* NetworkManager.swift */; };
		8D131A7127A2B5C300AD4C43 /* Response.swift in Sources */ = {isa = PBXBuildFile; fileRef = 8D131A7027A2B5C300AD4C43 /* Response.swift */; };
		8D131A8227A2EB4900AD4C43 /* RedditCloneTableViewCell.swift in Sources */ = {isa = PBXBuildFile; fileRef = 8D131A8027A2EB4900AD4C43 /* RedditCloneTableViewCell.swift */; };
		8D131A8327A2EB4900AD4C43 /* RedditCloneTableViewCell.xib in Resources */ = {isa = PBXBuildFile; fileRef = 8D131A8127A2EB4900AD4C43 /* RedditCloneTableViewCell.xib */; };
/* End PBXBuildFile section */

/* Begin PBXFileReference section */
		8D131A4427A2A7D900AD4C43 /* RedditClone.app */ = {isa = PBXFileReference; explicitFileType = wrapper.application; includeInIndex = 0; path = RedditClone.app; sourceTree = BUILT_PRODUCTS_DIR; };
		8D131A4727A2A7D900AD4C43 /* AppDelegate.swift */ = {isa = PBXFileReference; lastKnownFileType = sourcecode.swift; path = AppDelegate.swift; sourceTree = "<group>"; };
		8D131A5027A2A7DA00AD4C43 /* Assets.xcassets */ = {isa = PBXFileReference; lastKnownFileType = folder.assetcatalog; path = Assets.xcassets; sourceTree = "<group>"; };
		8D131A5327A2A7DA00AD4C43 /* Base */ = {isa = PBXFileReference; lastKnownFileType = file.storyboard; name = Base; path = Base.lproj/LaunchScreen.storyboard; sourceTree = "<group>"; };
		8D131A5527A2A7DA00AD4C43 /* Info.plist */ = {isa = PBXFileReference; lastKnownFileType = text.plist.xml; path = Info.plist; sourceTree = "<group>"; };
		8D131A5F27A2AA3800AD4C43 /* RedditCloneViewController.swift */ = {isa = PBXFileReference; lastKnownFileType = sourcecode.swift; path = RedditCloneViewController.swift; sourceTree = "<group>"; };
		8D131A6027A2AA3800AD4C43 /* RedditCloneViewController.xib */ = {isa = PBXFileReference; lastKnownFileType = file.xib; path = RedditCloneViewController.xib; sourceTree = "<group>"; };
		8D131A6627A2AA9900AD4C43 /* RedditCloneViewModel.swift */ = {isa = PBXFileReference; lastKnownFileType = sourcecode.swift; path = RedditCloneViewModel.swift; sourceTree = "<group>"; };
		8D131A6D27A2AB4500AD4C43 /* NetworkManager.swift */ = {isa = PBXFileReference; lastKnownFileType = sourcecode.swift; path = NetworkManager.swift; sourceTree = "<group>"; };
		8D131A7027A2B5C300AD4C43 /* Response.swift */ = {isa = PBXFileReference; lastKnownFileType = sourcecode.swift; path = Response.swift; sourceTree = "<group>"; };
		8D131A8027A2EB4900AD4C43 /* RedditCloneTableViewCell.swift */ = {isa = PBXFileReference; lastKnownFileType = sourcecode.swift; path = RedditCloneTableViewCell.swift; sourceTree = "<group>"; };
		8D131A8127A2EB4900AD4C43 /* RedditCloneTableViewCell.xib */ = {isa = PBXFileReference; lastKnownFileType = file.xib; path = RedditCloneTableViewCell.xib; sourceTree = "<group>"; };
/* End PBXFileReference section */

/* Begin PBXFrameworksBuildPhase section */
		8D131A4127A2A7D900AD4C43 /* Frameworks */ = {
			isa = PBXFrameworksBuildPhase;
			buildActionMask = 2147483647;
			files = (
			);
			runOnlyForDeploymentPostprocessing = 0;
		};
/* End PBXFrameworksBuildPhase section */

/* Begin PBXGroup section */
		8C2A788424FF3A6CA9674F67 /* Pods */ = {
			isa = PBXGroup;
			children = (
			);
			path = Pods;
			sourceTree = "<group>";
		};
		8D131A3B27A2A7D900AD4C43 = {
			isa = PBXGroup;
			children = (
				8D131A4727A2A7D900AD4C43 /* AppDelegate.swift */,
				8D131A4627A2A7D900AD4C43 /* RedditClone */,
				8D131A4527A2A7D900AD4C43 /* Products */,
				8C2A788424FF3A6CA9674F67 /* Pods */,
			);
			sourceTree = "<group>";
		};
		8D131A4527A2A7D900AD4C43 /* Products */ = {
			isa = PBXGroup;
			children = (
				8D131A4427A2A7D900AD4C43 /* RedditClone.app */,
			);
			name = Products;
			sourceTree = "<group>";
		};
		8D131A4627A2A7D900AD4C43 /* RedditClone */ = {
			isa = PBXGroup;
			children = (
				8D131A6A27A2AAA900AD4C43 /* Models */,
				8D131A6527A2AA8500AD4C43 /* ViewModel */,
				8D131A6427A2AA4200AD4C43 /* Scenes */,
				8D131A5027A2A7DA00AD4C43 /* Assets.xcassets */,
				8D131A5227A2A7DA00AD4C43 /* LaunchScreen.storyboard */,
				8D131A5527A2A7DA00AD4C43 /* Info.plist */,
			);
			path = RedditClone;
			sourceTree = "<group>";
		};
		8D131A6427A2AA4200AD4C43 /* Scenes */ = {
			isa = PBXGroup;
			children = (
				8D131A5F27A2AA3800AD4C43 /* RedditCloneViewController.swift */,
				8D131A6027A2AA3800AD4C43 /* RedditCloneViewController.xib */,
				8D131A7327A2E95200AD4C43 /* Cells */,
			);
			path = Scenes;
			sourceTree = "<group>";
		};
		8D131A6527A2AA8500AD4C43 /* ViewModel */ = {
			isa = PBXGroup;
			children = (
				8D131A6627A2AA9900AD4C43 /* RedditCloneViewModel.swift */,
			);
			path = ViewModel;
			sourceTree = "<group>";
		};
		8D131A6A27A2AAA900AD4C43 /* Models */ = {
			isa = PBXGroup;
			children = (
				8D131A6D27A2AB4500AD4C43 /* NetworkManager.swift */,
				8D131A7027A2B5C300AD4C43 /* Response.swift */,
			);
			path = Models;
			sourceTree = "<group>";
		};
		8D131A7327A2E95200AD4C43 /* Cells */ = {
			isa = PBXGroup;
			children = (
				8D131A8027A2EB4900AD4C43 /* RedditCloneTableViewCell.swift */,
				8D131A8127A2EB4900AD4C43 /* RedditCloneTableViewCell.xib */,
			);
			path = Cells;
			sourceTree = "<group>";
		};
/* End PBXGroup section */

/* Begin PBXNativeTarget section */
		8D131A4327A2A7D900AD4C43 /* RedditClone */ = {
			isa = PBXNativeTarget;
			buildConfigurationList = 8D131A5827A2A7DA00AD4C43 /* Build configuration list for PBXNativeTarget "RedditClone" */;
			buildPhases = (
				8D131A4027A2A7D900AD4C43 /* Sources */,
				8D131A4127A2A7D900AD4C43 /* Frameworks */,
				8D131A4227A2A7D900AD4C43 /* Resources */,
			);
			buildRules = (
			);
			dependencies = (
			);
			name = RedditClone;
			productName = RedditClone;
			productReference = 8D131A4427A2A7D900AD4C43 /* RedditClone.app */;
			productType = "com.apple.product-type.application";
		};
/* End PBXNativeTarget section */

/* Begin PBXProject section */
		8D131A3C27A2A7D900AD4C43 /* Project object */ = {
			isa = PBXProject;
			attributes = {
				LastSwiftUpdateCheck = 1240;
				LastUpgradeCheck = 1240;
				TargetAttributes = {
					8D131A4327A2A7D900AD4C43 = {
						CreatedOnToolsVersion = 12.4;
					};
				};
			};
			buildConfigurationList = 8D131A3F27A2A7D900AD4C43 /* Build configuration list for PBXProject "RedditClone" */;
			compatibilityVersion = "Xcode 9.3";
			developmentRegion = en;
			hasScannedForEncodings = 0;
			knownRegions = (
				en,
				Base,
			);
			mainGroup = 8D131A3B27A2A7D900AD4C43;
			productRefGroup = 8D131A4527A2A7D900AD4C43 /* Products */;
			projectDirPath = "";
			projectRoot = "";
			targets = (
				8D131A4327A2A7D900AD4C43 /* RedditClone */,
			);
		};
/* End PBXProject section */

/* Begin PBXResourcesBuildPhase section */
		8D131A4227A2A7D900AD4C43 /* Resources */ = {
			isa = PBXResourcesBuildPhase;
			buildActionMask = 2147483647;
			files = (
				8D131A6227A2AA3800AD4C43 /* RedditCloneViewController.xib in Resources */,
				8D131A8327A2EB4900AD4C43 /* RedditCloneTableViewCell.xib in Resources */,
				8D131A5427A2A7DA00AD4C43 /* LaunchScreen.storyboard in Resources */,
				8D131A5127A2A7DA00AD4C43 /* Assets.xcassets in Resources */,
			);
			runOnlyForDeploymentPostprocessing = 0;
		};
/* End PBXResourcesBuildPhase section */

/* Begin PBXSourcesBuildPhase section */
		8D131A4027A2A7D900AD4C43 /* Sources */ = {
			isa = PBXSourcesBuildPhase;
			buildActionMask = 2147483647;
			files = (
				8D131A6E27A2AB4500AD4C43 /* NetworkManager.swift in Sources */,
				8D131A6127A2AA3800AD4C43 /* RedditCloneViewController.swift in Sources */,
				8D131A4827A2A7D900AD4C43 /* AppDelegate.swift in Sources */,
				8D131A6727A2AA9900AD4C43 /* RedditCloneViewModel.swift in Sources */,
				8D131A7127A2B5C300AD4C43 /* Response.swift in Sources */,
				8D131A8227A2EB4900AD4C43 /* RedditCloneTableViewCell.swift in Sources */,
			);
			runOnlyForDeploymentPostprocessing = 0;
		};
/* End PBXSourcesBuildPhase section */

/* Begin PBXVariantGroup section */
		8D131A5227A2A7DA00AD4C43 /* LaunchScreen.storyboard */ = {
			isa = PBXVariantGroup;
			children = (
				8D131A5327A2A7DA00AD4C43 /* Base */,
			);
			name = LaunchScreen.storyboard;
			sourceTree = "<group>";
		};
/* End PBXVariantGroup section */

/* Begin XCBuildConfiguration section */
		8D131A5627A2A7DA00AD4C43 /* Debug */ = {
			isa = XCBuildConfiguration;
			buildSettings = {
				ALWAYS_SEARCH_USER_PATHS = NO;
				CLANG_ANALYZER_NONNULL = YES;
				CLANG_ANALYZER_NUMBER_OBJECT_CONVERSION = YES_AGGRESSIVE;
				CLANG_CXX_LANGUAGE_STANDARD = "gnu++14";
				CLANG_CXX_LIBRARY = "libc++";
				CLANG_ENABLE_MODULES = YES;
				CLANG_ENABLE_OBJC_ARC = YES;
				CLANG_ENABLE_OBJC_WEAK = YES;
				CLANG_WARN_BLOCK_CAPTURE_AUTORELEASING = YES;
				CLANG_WARN_BOOL_CONVERSION = YES;
				CLANG_WARN_COMMA = YES;
				CLANG_WARN_CONSTANT_CONVERSION = YES;
				CLANG_WARN_DEPRECATED_OBJC_IMPLEMENTATIONS = YES;
				CLANG_WARN_DIRECT_OBJC_ISA_USAGE = YES_ERROR;
				CLANG_WARN_DOCUMENTATION_COMMENTS = YES;
				CLANG_WARN_EMPTY_BODY = YES;
				CLANG_WARN_ENUM_CONVERSION = YES;
				CLANG_WARN_INFINITE_RECURSION = YES;
				CLANG_WARN_INT_CONVERSION = YES;
				CLANG_WARN_NON_LITERAL_NULL_CONVERSION = YES;
				CLANG_WARN_OBJC_IMPLICIT_RETAIN_SELF = YES;
				CLANG_WARN_OBJC_LITERAL_CONVERSION = YES;
				CLANG_WARN_OBJC_ROOT_CLASS = YES_ERROR;
				CLANG_WARN_QUOTED_INCLUDE_IN_FRAMEWORK_HEADER = YES;
				CLANG_WARN_RANGE_LOOP_ANALYSIS = YES;
				CLANG_WARN_STRICT_PROTOTYPES = YES;
				CLANG_WARN_SUSPICIOUS_MOVE = YES;
				CLANG_WARN_UNGUARDED_AVAILABILITY = YES_AGGRESSIVE;
				CLANG_WARN_UNREACHABLE_CODE = YES;
				CLANG_WARN__DUPLICATE_METHOD_MATCH = YES;
				COPY_PHASE_STRIP = NO;
				DEBUG_INFORMATION_FORMAT = dwarf;
				ENABLE_STRICT_OBJC_MSGSEND = YES;
				ENABLE_TESTABILITY = YES;
				GCC_C_LANGUAGE_STANDARD = gnu11;
				GCC_DYNAMIC_NO_PIC = NO;
				GCC_NO_COMMON_BLOCKS = YES;
				GCC_OPTIMIZATION_LEVEL = 0;
				GCC_PREPROCESSOR_DEFINITIONS = (
					"DEBUG=1",
					"$(inherited)",
				);
				GCC_WARN_64_TO_32_BIT_CONVERSION = YES;
				GCC_WARN_ABOUT_RETURN_TYPE = YES_ERROR;
				GCC_WARN_UNDECLARED_SELECTOR = YES;
				GCC_WARN_UNINITIALIZED_AUTOS = YES_AGGRESSIVE;
				GCC_WARN_UNUSED_FUNCTION = YES;
				GCC_WARN_UNUSED_VARIABLE = YES;
				IPHONEOS_DEPLOYMENT_TARGET = 14.4;
				MTL_ENABLE_DEBUG_INFO = INCLUDE_SOURCE;
				MTL_FAST_MATH = YES;
				ONLY_ACTIVE_ARCH = YES;
				SDKROOT = iphoneos;
				SWIFT_ACTIVE_COMPILATION_CONDITIONS = DEBUG;
				SWIFT_OPTIMIZATION_LEVEL = "-Onone";
			};
			name = Debug;
		};
		8D131A5727A2A7DA00AD4C43 /* Release */ = {
			isa = XCBuildConfiguration;
			buildSettings = {
				ALWAYS_SEARCH_USER_PATHS = NO;
				CLANG_ANALYZER_NONNULL = YES;
				CLANG_ANALYZER_NUMBER_OBJECT_CONVERSION = YES_AGGRESSIVE;
				CLANG_CXX_LANGUAGE_STANDARD = "gnu++14";
				CLANG_CXX_LIBRARY = "libc++";
				CLANG_ENABLE_MODULES = YES;
				CLANG_ENABLE_OBJC_ARC = YES;
				CLANG_ENABLE_OBJC_WEAK = YES;
				CLANG_WARN_BLOCK_CAPTURE_AUTORELEASING = YES;
				CLANG_WARN_BOOL_CONVERSION = YES;
				CLANG_WARN_COMMA = YES;
				CLANG_WARN_CONSTANT_CONVERSION = YES;
				CLANG_WARN_DEPRECATED_OBJC_IMPLEMENTATIONS = YES;
				CLANG_WARN_DIRECT_OBJC_ISA_USAGE = YES_ERROR;
				CLANG_WARN_DOCUMENTATION_COMMENTS = YES;
				CLANG_WARN_EMPTY_BODY = YES;
				CLANG_WARN_ENUM_CONVERSION = YES;
				CLANG_WARN_INFINITE_RECURSION = YES;
				CLANG_WARN_INT_CONVERSION = YES;
				CLANG_WARN_NON_LITERAL_NULL_CONVERSION = YES;
				CLANG_WARN_OBJC_IMPLICIT_RETAIN_SELF = YES;
				CLANG_WARN_OBJC_LITERAL_CONVERSION = YES;
				CLANG_WARN_OBJC_ROOT_CLASS = YES_ERROR;
				CLANG_WARN_QUOTED_INCLUDE_IN_FRAMEWORK_HEADER = YES;
				CLANG_WARN_RANGE_LOOP_ANALYSIS = YES;
				CLANG_WARN_STRICT_PROTOTYPES = YES;
				CLANG_WARN_SUSPICIOUS_MOVE = YES;
				CLANG_WARN_UNGUARDED_AVAILABILITY = YES_AGGRESSIVE;
				CLANG_WARN_UNREACHABLE_CODE = YES;
				CLANG_WARN__DUPLICATE_METHOD_MATCH = YES;
				COPY_PHASE_STRIP = NO;
				DEBUG_INFORMATION_FORMAT = "dwarf-with-dsym";
				ENABLE_NS_ASSERTIONS = NO;
				ENABLE_STRICT_OBJC_MSGSEND = YES;
				GCC_C_LANGUAGE_STANDARD = gnu11;
				GCC_NO_COMMON_BLOCKS = YES;
				GCC_WARN_64_TO_32_BIT_CONVERSION = YES;
				GCC_WARN_ABOUT_RETURN_TYPE = YES_ERROR;
				GCC_WARN_UNDECLARED_SELECTOR = YES;
				GCC_WARN_UNINITIALIZED_AUTOS = YES_AGGRESSIVE;
				GCC_WARN_UNUSED_FUNCTION = YES;
				GCC_WARN_UNUSED_VARIABLE = YES;
				IPHONEOS_DEPLOYMENT_TARGET = 14.4;
				MTL_ENABLE_DEBUG_INFO = NO;
				MTL_FAST_MATH = YES;
				SDKROOT = iphoneos;
				SWIFT_COMPILATION_MODE = wholemodule;
				SWIFT_OPTIMIZATION_LEVEL = "-O";
				VALIDATE_PRODUCT = YES;
			};
			name = Release;
		};
		8D131A5927A2A7DA00AD4C43 /* Debug */ = {
			isa = XCBuildConfiguration;
			buildSettings = {
				ASSETCATALOG_COMPILER_APPICON_NAME = AppIcon;
				ASSETCATALOG_COMPILER_GLOBAL_ACCENT_COLOR_NAME = AccentColor;
				CODE_SIGN_STYLE = Automatic;
				DEVELOPMENT_TEAM = PZARJMZUUQ;
				INFOPLIST_FILE = RedditClone/Info.plist;
				LD_RUNPATH_SEARCH_PATHS = (
					"$(inherited)",
					"@executable_path/Frameworks",
				);
				PRODUCT_BUNDLE_IDENTIFIER = com.ogulcanaslan.RedditClone;
				PRODUCT_NAME = "$(TARGET_NAME)";
				SWIFT_VERSION = 5.0;
				TARGETED_DEVICE_FAMILY = "1,2";
			};
			name = Debug;
		};
		8D131A5A27A2A7DA00AD4C43 /* Release */ = {
			isa = XCBuildConfiguration;
			buildSettings = {
				ASSETCATALOG_COMPILER_APPICON_NAME = AppIcon;
				ASSETCATALOG_COMPILER_GLOBAL_ACCENT_COLOR_NAME = AccentColor;
				CODE_SIGN_STYLE = Automatic;
				DEVELOPMENT_TEAM = PZARJMZUUQ;
				INFOPLIST_FILE = RedditClone/Info.plist;
				LD_RUNPATH_SEARCH_PATHS = (
					"$(inherited)",
					"@executable_path/Frameworks",
				);
				PRODUCT_BUNDLE_IDENTIFIER = com.ogulcanaslan.RedditClone;
				PRODUCT_NAME = "$(TARGET_NAME)";
				SWIFT_VERSION = 5.0;
				TARGETED_DEVICE_FAMILY = "1,2";
			};
			name = Release;
		};
/* End XCBuildConfiguration section */

/* Begin XCConfigurationList section */
		8D131A3F27A2A7D900AD4C43 /* Build configuration list for PBXProject "RedditClone" */ = {
			isa = XCConfigurationList;
			buildConfigurations = (
				8D131A5627A2A7DA00AD4C43 /* Debug */,
				8D131A5727A2A7DA00AD4C43 /* Release */,
			);
			defaultConfigurationIsVisible = 0;
			defaultConfigurationName = Release;
		};
		8D131A5827A2A7DA00AD4C43 /* Build configuration list for PBXNativeTarget "RedditClone" */ = {
			isa = XCConfigurationList;
			buildConfigurations = (
				8D131A5927A2A7DA00AD4C43 /* Debug */,
				8D131A5A27A2A7DA00AD4C43 /* Release */,
			);
			defaultConfigurationIsVisible = 0;
			defaultConfigurationName = Release;
		};
/* End XCConfigurationList section */
	};
	rootObject = 8D131A3C27A2A7D900AD4C43 /* Project object */;
}
